// !$*UTF8*$!
{
	archiveVersion = 1;
	classes = {
	};
	objectVersion = 51;
	objects = {

/* Begin PBXBuildFile section */
		5C0A7A3F7B1102BAED69D431 /* libPods-LemonCheck.a in Frameworks */ = {isa = PBXBuildFile; fileRef = 7F6D585119D6A0E011975E87 /* libPods-LemonCheck.a */; };
		63356BEF2465AB4C0031F6DB /* AppDelegate.swift in Sources */ = {isa = PBXBuildFile; fileRef = 63356BEE2465AB4C0031F6DB /* AppDelegate.swift */; };
		63356BF12465AB4C0031F6DB /* SceneDelegate.swift in Sources */ = {isa = PBXBuildFile; fileRef = 63356BF02465AB4C0031F6DB /* SceneDelegate.swift */; };
		63356BF82465AB500031F6DB /* Assets.xcassets in Resources */ = {isa = PBXBuildFile; fileRef = 63356BF72465AB500031F6DB /* Assets.xcassets */; };
		63356BFB2465AB500031F6DB /* LaunchScreen.storyboard in Resources */ = {isa = PBXBuildFile; fileRef = 63356BF92465AB500031F6DB /* LaunchScreen.storyboard */; };
		63356C0F2465B0660031F6DB /* Date + Time.swift in Sources */ = {isa = PBXBuildFile; fileRef = 63356C0E2465B0660031F6DB /* Date + Time.swift */; };
		63356C172465BFE90031F6DB /* HomeViewController.swift in Sources */ = {isa = PBXBuildFile; fileRef = 63356C162465BFE90031F6DB /* HomeViewController.swift */; };
		63356C192465BFF40031F6DB /* ResultsViewController.swift in Sources */ = {isa = PBXBuildFile; fileRef = 63356C182465BFF40031F6DB /* ResultsViewController.swift */; };
		63356C1D2465C03A0031F6DB /* NetworkRequester.swift in Sources */ = {isa = PBXBuildFile; fileRef = 63356C1C2465C03A0031F6DB /* NetworkRequester.swift */; };
		63356C252465C1FE0031F6DB /* Utilities.swift in Sources */ = {isa = PBXBuildFile; fileRef = 63356C242465C1FE0031F6DB /* Utilities.swift */; };
		63356C272465C21F0031F6DB /* Constants.swift in Sources */ = {isa = PBXBuildFile; fileRef = 63356C262465C21F0031F6DB /* Constants.swift */; };
		63356C292465C24A0031F6DB /* ViewController + Instantiate.swift in Sources */ = {isa = PBXBuildFile; fileRef = 63356C282465C24A0031F6DB /* ViewController + Instantiate.swift */; };
		63356C2B2465D15A0031F6DB /* SlideTransition.swift in Sources */ = {isa = PBXBuildFile; fileRef = 63356C2A2465D15A0031F6DB /* SlideTransition.swift */; };
		63356C2D2465D1AA0031F6DB /* Validation.swift in Sources */ = {isa = PBXBuildFile; fileRef = 63356C2C2465D1AA0031F6DB /* Validation.swift */; };
		63356C312465FF630031F6DB /* GoogleService-Info.plist in Resources */ = {isa = PBXBuildFile; fileRef = 63356C302465FF620031F6DB /* GoogleService-Info.plist */; };
		63356C33246640680031F6DB /* VerifyVehicleViewController.swift in Sources */ = {isa = PBXBuildFile; fileRef = 63356C32246640680031F6DB /* VerifyVehicleViewController.swift */; };
		63356C3724676F1E0031F6DB /* MOTDataModel.swift in Sources */ = {isa = PBXBuildFile; fileRef = 63356C3624676F1D0031F6DB /* MOTDataModel.swift */; };
		63356C38246772BE0031F6DB /* VehicleDataModel.swift in Sources */ = {isa = PBXBuildFile; fileRef = 63356C1E2465C05E0031F6DB /* VehicleDataModel.swift */; };
		634604FE246E01560091C4A7 /* ViewController + Keyboard.swift in Sources */ = {isa = PBXBuildFile; fileRef = 634604FD246E01560091C4A7 /* ViewController + Keyboard.swift */; };
		63460500246E1D7D0091C4A7 /* UIVIew + Background.swift in Sources */ = {isa = PBXBuildFile; fileRef = 634604FF246E1D7D0091C4A7 /* UIVIew + Background.swift */; };
		6346050A246F6E7D0091C4A7 /* UIButton + Spinner.swift in Sources */ = {isa = PBXBuildFile; fileRef = 63460509246F6E7D0091C4A7 /* UIButton + Spinner.swift */; };
		6346050D2470872E0091C4A7 /* DatabaseErrors.swift in Sources */ = {isa = PBXBuildFile; fileRef = 6346050C2470872E0091C4A7 /* DatabaseErrors.swift */; };
		6346050F2470B06A0091C4A7 /* UserData.swift in Sources */ = {isa = PBXBuildFile; fileRef = 6346050E2470B06A0091C4A7 /* UserData.swift */; };
		634605112470B7E90091C4A7 /* Name.swift in Sources */ = {isa = PBXBuildFile; fileRef = 634605102470B7E90091C4A7 /* Name.swift */; };
		634605132470C2BC0091C4A7 /* ViewController + Alert.swift in Sources */ = {isa = PBXBuildFile; fileRef = 634605122470C2BC0091C4A7 /* ViewController + Alert.swift */; };
		B92A1D5A25E1A76D000D2E92 /* CarDetailsView.xib in Resources */ = {isa = PBXBuildFile; fileRef = B92A1D5925E1A76D000D2E92 /* CarDetailsView.xib */; };
		B92A1D5D25E1A77C000D2E92 /* CarDetailsView.swift in Sources */ = {isa = PBXBuildFile; fileRef = B92A1D5C25E1A77C000D2E92 /* CarDetailsView.swift */; };
		B92A1D6025E1AF9E000D2E92 /* NumberPlateView.xib in Resources */ = {isa = PBXBuildFile; fileRef = B92A1D5F25E1AF9E000D2E92 /* NumberPlateView.xib */; };
		B92A1D6325E1B413000D2E92 /* NumberPlateView.swift in Sources */ = {isa = PBXBuildFile; fileRef = B92A1D6225E1B413000D2E92 /* NumberPlateView.swift */; };
		B92A1DA225E2D041000D2E92 /* ClassName.swift in Sources */ = {isa = PBXBuildFile; fileRef = B92A1DA125E2D041000D2E92 /* ClassName.swift */; };
		B94FAC8D25D03A3C006549AF /* UKNumberPlate.ttf in Resources */ = {isa = PBXBuildFile; fileRef = B94FAC8C25D03A3C006549AF /* UKNumberPlate.ttf */; };
		B94FAC9025D04083006549AF /* PaymentPanelView.xib in Resources */ = {isa = PBXBuildFile; fileRef = B94FAC8F25D04083006549AF /* PaymentPanelView.xib */; };
		B94FAC9425D16985006549AF /* PaymentPanelView.swift in Sources */ = {isa = PBXBuildFile; fileRef = B94FAC9325D16985006549AF /* PaymentPanelView.swift */; };
		B94FAC9B25D1AD6D006549AF /* VerifyPanelView.swift in Sources */ = {isa = PBXBuildFile; fileRef = B94FAC9A25D1AD6D006549AF /* VerifyPanelView.swift */; };
		B94FACA125D1AD94006549AF /* VerifyPanelView.xib in Resources */ = {isa = PBXBuildFile; fileRef = B94FACA025D1AD94006549AF /* VerifyPanelView.xib */; };
		B97729CC258A490100DE1AB9 /* Main.storyboard in Resources */ = {isa = PBXBuildFile; fileRef = B97729CB258A490100DE1AB9 /* Main.storyboard */; };
		B97729CF258A496600DE1AB9 /* NetworkManager.swift in Sources */ = {isa = PBXBuildFile; fileRef = B97729CE258A496600DE1AB9 /* NetworkManager.swift */; };
		B97EF2E825DDC32100C0CB4F /* Int + Enum.swift in Sources */ = {isa = PBXBuildFile; fileRef = B97EF2E725DDC32100C0CB4F /* Int + Enum.swift */; };
		B9F5CF2925CB617000F9754A /* ResultsTableViewCell.swift in Sources */ = {isa = PBXBuildFile; fileRef = B9F5CF2725CB617000F9754A /* ResultsTableViewCell.swift */; };
		B9F5CF2A25CB617000F9754A /* ResultsTableViewCell.xib in Resources */ = {isa = PBXBuildFile; fileRef = B9F5CF2825CB617000F9754A /* ResultsTableViewCell.xib */; };
/* End PBXBuildFile section */

/* Begin PBXFileReference section */
		2B21DE5F9EDA16554D6A163E /* Pods-LemonCheck.release.xcconfig */ = {isa = PBXFileReference; includeInIndex = 1; lastKnownFileType = text.xcconfig; name = "Pods-LemonCheck.release.xcconfig"; path = "Target Support Files/Pods-LemonCheck/Pods-LemonCheck.release.xcconfig"; sourceTree = "<group>"; };
		63356BEB2465AB4C0031F6DB /* LemonCheck.app */ = {isa = PBXFileReference; explicitFileType = wrapper.application; includeInIndex = 0; path = LemonCheck.app; sourceTree = BUILT_PRODUCTS_DIR; };
		63356BEE2465AB4C0031F6DB /* AppDelegate.swift */ = {isa = PBXFileReference; lastKnownFileType = sourcecode.swift; path = AppDelegate.swift; sourceTree = "<group>"; };
		63356BF02465AB4C0031F6DB /* SceneDelegate.swift */ = {isa = PBXFileReference; lastKnownFileType = sourcecode.swift; path = SceneDelegate.swift; sourceTree = "<group>"; };
		63356BF72465AB500031F6DB /* Assets.xcassets */ = {isa = PBXFileReference; lastKnownFileType = folder.assetcatalog; path = Assets.xcassets; sourceTree = "<group>"; };
		63356BFA2465AB500031F6DB /* Base */ = {isa = PBXFileReference; lastKnownFileType = file.storyboard; name = Base; path = Base.lproj/LaunchScreen.storyboard; sourceTree = "<group>"; };
		63356BFC2465AB500031F6DB /* Info.plist */ = {isa = PBXFileReference; lastKnownFileType = text.plist.xml; path = Info.plist; sourceTree = "<group>"; };
		63356C0E2465B0660031F6DB /* Date + Time.swift */ = {isa = PBXFileReference; lastKnownFileType = sourcecode.swift; path = "Date + Time.swift"; sourceTree = "<group>"; };
		63356C162465BFE90031F6DB /* HomeViewController.swift */ = {isa = PBXFileReference; lastKnownFileType = sourcecode.swift; path = HomeViewController.swift; sourceTree = "<group>"; };
		63356C182465BFF40031F6DB /* ResultsViewController.swift */ = {isa = PBXFileReference; lastKnownFileType = sourcecode.swift; path = ResultsViewController.swift; sourceTree = "<group>"; };
		63356C1C2465C03A0031F6DB /* NetworkRequester.swift */ = {isa = PBXFileReference; lastKnownFileType = sourcecode.swift; path = NetworkRequester.swift; sourceTree = "<group>"; };
		63356C1E2465C05E0031F6DB /* VehicleDataModel.swift */ = {isa = PBXFileReference; lastKnownFileType = sourcecode.swift; path = VehicleDataModel.swift; sourceTree = "<group>"; };
		63356C242465C1FE0031F6DB /* Utilities.swift */ = {isa = PBXFileReference; lastKnownFileType = sourcecode.swift; path = Utilities.swift; sourceTree = "<group>"; };
		63356C262465C21F0031F6DB /* Constants.swift */ = {isa = PBXFileReference; lastKnownFileType = sourcecode.swift; path = Constants.swift; sourceTree = "<group>"; };
		63356C282465C24A0031F6DB /* ViewController + Instantiate.swift */ = {isa = PBXFileReference; lastKnownFileType = sourcecode.swift; path = "ViewController + Instantiate.swift"; sourceTree = "<group>"; };
		63356C2A2465D15A0031F6DB /* SlideTransition.swift */ = {isa = PBXFileReference; lastKnownFileType = sourcecode.swift; path = SlideTransition.swift; sourceTree = "<group>"; };
		63356C2C2465D1AA0031F6DB /* Validation.swift */ = {isa = PBXFileReference; lastKnownFileType = sourcecode.swift; path = Validation.swift; sourceTree = "<group>"; };
		63356C302465FF620031F6DB /* GoogleService-Info.plist */ = {isa = PBXFileReference; fileEncoding = 4; lastKnownFileType = text.plist.xml; path = "GoogleService-Info.plist"; sourceTree = "<group>"; };
		63356C32246640680031F6DB /* VerifyVehicleViewController.swift */ = {isa = PBXFileReference; lastKnownFileType = sourcecode.swift; path = VerifyVehicleViewController.swift; sourceTree = "<group>"; };
		63356C3624676F1D0031F6DB /* MOTDataModel.swift */ = {isa = PBXFileReference; lastKnownFileType = sourcecode.swift; path = MOTDataModel.swift; sourceTree = "<group>"; };
		634604FD246E01560091C4A7 /* ViewController + Keyboard.swift */ = {isa = PBXFileReference; lastKnownFileType = sourcecode.swift; path = "ViewController + Keyboard.swift"; sourceTree = "<group>"; };
		634604FF246E1D7D0091C4A7 /* UIVIew + Background.swift */ = {isa = PBXFileReference; lastKnownFileType = sourcecode.swift; path = "UIVIew + Background.swift"; sourceTree = "<group>"; };
		63460509246F6E7D0091C4A7 /* UIButton + Spinner.swift */ = {isa = PBXFileReference; lastKnownFileType = sourcecode.swift; path = "UIButton + Spinner.swift"; sourceTree = "<group>"; };
		6346050C2470872E0091C4A7 /* DatabaseErrors.swift */ = {isa = PBXFileReference; lastKnownFileType = sourcecode.swift; path = DatabaseErrors.swift; sourceTree = "<group>"; };
		6346050E2470B06A0091C4A7 /* UserData.swift */ = {isa = PBXFileReference; lastKnownFileType = sourcecode.swift; path = UserData.swift; sourceTree = "<group>"; };
		634605102470B7E90091C4A7 /* Name.swift */ = {isa = PBXFileReference; lastKnownFileType = sourcecode.swift; path = Name.swift; sourceTree = "<group>"; };
		634605122470C2BC0091C4A7 /* ViewController + Alert.swift */ = {isa = PBXFileReference; lastKnownFileType = sourcecode.swift; path = "ViewController + Alert.swift"; sourceTree = "<group>"; };
		7F6D585119D6A0E011975E87 /* libPods-LemonCheck.a */ = {isa = PBXFileReference; explicitFileType = archive.ar; includeInIndex = 0; path = "libPods-LemonCheck.a"; sourceTree = BUILT_PRODUCTS_DIR; };
		91F4E64314314AC56906BB60 /* Pods-LemonCheck.debug.xcconfig */ = {isa = PBXFileReference; includeInIndex = 1; lastKnownFileType = text.xcconfig; name = "Pods-LemonCheck.debug.xcconfig"; path = "Target Support Files/Pods-LemonCheck/Pods-LemonCheck.debug.xcconfig"; sourceTree = "<group>"; };
		B92A1D5925E1A76D000D2E92 /* CarDetailsView.xib */ = {isa = PBXFileReference; lastKnownFileType = file.xib; path = CarDetailsView.xib; sourceTree = "<group>"; };
		B92A1D5C25E1A77C000D2E92 /* CarDetailsView.swift */ = {isa = PBXFileReference; lastKnownFileType = sourcecode.swift; path = CarDetailsView.swift; sourceTree = "<group>"; };
		B92A1D5F25E1AF9E000D2E92 /* NumberPlateView.xib */ = {isa = PBXFileReference; lastKnownFileType = file.xib; path = NumberPlateView.xib; sourceTree = "<group>"; };
		B92A1D6225E1B413000D2E92 /* NumberPlateView.swift */ = {isa = PBXFileReference; lastKnownFileType = sourcecode.swift; path = NumberPlateView.swift; sourceTree = "<group>"; };
		B92A1DA125E2D041000D2E92 /* ClassName.swift */ = {isa = PBXFileReference; lastKnownFileType = sourcecode.swift; path = ClassName.swift; sourceTree = "<group>"; };
		B94FAC8C25D03A3C006549AF /* UKNumberPlate.ttf */ = {isa = PBXFileReference; lastKnownFileType = file; path = UKNumberPlate.ttf; sourceTree = "<group>"; };
		B94FAC8F25D04083006549AF /* PaymentPanelView.xib */ = {isa = PBXFileReference; lastKnownFileType = file.xib; path = PaymentPanelView.xib; sourceTree = "<group>"; };
		B94FAC9325D16985006549AF /* PaymentPanelView.swift */ = {isa = PBXFileReference; lastKnownFileType = sourcecode.swift; path = PaymentPanelView.swift; sourceTree = "<group>"; };
		B94FAC9A25D1AD6D006549AF /* VerifyPanelView.swift */ = {isa = PBXFileReference; lastKnownFileType = sourcecode.swift; path = VerifyPanelView.swift; sourceTree = "<group>"; };
		B94FACA025D1AD94006549AF /* VerifyPanelView.xib */ = {isa = PBXFileReference; lastKnownFileType = file.xib; path = VerifyPanelView.xib; sourceTree = "<group>"; };
		B97729CB258A490100DE1AB9 /* Main.storyboard */ = {isa = PBXFileReference; fileEncoding = 4; lastKnownFileType = file.storyboard; path = Main.storyboard; sourceTree = "<group>"; };
		B97729CE258A496600DE1AB9 /* NetworkManager.swift */ = {isa = PBXFileReference; fileEncoding = 4; lastKnownFileType = sourcecode.swift; path = NetworkManager.swift; sourceTree = "<group>"; };
		B97EF2E725DDC32100C0CB4F /* Int + Enum.swift */ = {isa = PBXFileReference; lastKnownFileType = sourcecode.swift; path = "Int + Enum.swift"; sourceTree = "<group>"; };
		B9F5CF2725CB617000F9754A /* ResultsTableViewCell.swift */ = {isa = PBXFileReference; lastKnownFileType = sourcecode.swift; path = ResultsTableViewCell.swift; sourceTree = "<group>"; };
		B9F5CF2825CB617000F9754A /* ResultsTableViewCell.xib */ = {isa = PBXFileReference; lastKnownFileType = file.xib; path = ResultsTableViewCell.xib; sourceTree = "<group>"; };
/* End PBXFileReference section */

/* Begin PBXFrameworksBuildPhase section */
		63356BE82465AB4C0031F6DB /* Frameworks */ = {
			isa = PBXFrameworksBuildPhase;
			buildActionMask = 2147483647;
			files = (
				5C0A7A3F7B1102BAED69D431 /* libPods-LemonCheck.a in Frameworks */,
			);
			runOnlyForDeploymentPostprocessing = 0;
		};
/* End PBXFrameworksBuildPhase section */

/* Begin PBXGroup section */
		381395BDDDFB7447CCA7D690 /* Pods */ = {
			isa = PBXGroup;
			children = (
				91F4E64314314AC56906BB60 /* Pods-LemonCheck.debug.xcconfig */,
				2B21DE5F9EDA16554D6A163E /* Pods-LemonCheck.release.xcconfig */,
			);
			path = Pods;
			sourceTree = "<group>";
		};
		63356BE22465AB4C0031F6DB = {
			isa = PBXGroup;
			children = (
				63356BED2465AB4C0031F6DB /* LemonCheck */,
				63356BEC2465AB4C0031F6DB /* Products */,
				381395BDDDFB7447CCA7D690 /* Pods */,
				B6E2F62B32AD4DBD5F0FF172 /* Frameworks */,
			);
			sourceTree = "<group>";
		};
		63356BEC2465AB4C0031F6DB /* Products */ = {
			isa = PBXGroup;
			children = (
				63356BEB2465AB4C0031F6DB /* LemonCheck.app */,
			);
			name = Products;
			sourceTree = "<group>";
		};
		63356BED2465AB4C0031F6DB /* LemonCheck */ = {
			isa = PBXGroup;
			children = (
				63356C022465ABBC0031F6DB /* View */,
				6346050B247087120091C4A7 /* Database */,
				63356C042465ABD00031F6DB /* Network */,
				63356C032465ABCB0031F6DB /* Helpers */,
				63356C052465ABD50031F6DB /* Extensions */,
				63356BEE2465AB4C0031F6DB /* AppDelegate.swift */,
				63356BF02465AB4C0031F6DB /* SceneDelegate.swift */,
				B97729CB258A490100DE1AB9 /* Main.storyboard */,
				63356BF72465AB500031F6DB /* Assets.xcassets */,
				63356BF92465AB500031F6DB /* LaunchScreen.storyboard */,
				63356BFC2465AB500031F6DB /* Info.plist */,
				63356C302465FF620031F6DB /* GoogleService-Info.plist */,
			);
			path = LemonCheck;
			sourceTree = "<group>";
		};
		63356C022465ABBC0031F6DB /* View */ = {
			isa = PBXGroup;
			children = (
				63356C082465AC110031F6DB /* Models */,
				63356C062465AC010031F6DB /* Controllers */,
			);
			path = View;
			sourceTree = "<group>";
		};
		63356C032465ABCB0031F6DB /* Helpers */ = {
			isa = PBXGroup;
			children = (
				63356C2F2465D2D20031F6DB /* Structs */,
				63356C0B2465AC8A0031F6DB /* Form */,
				63356C0A2465AC440031F6DB /* Design */,
			);
			path = Helpers;
			sourceTree = "<group>";
		};
		63356C042465ABD00031F6DB /* Network */ = {
			isa = PBXGroup;
			children = (
				63356C1C2465C03A0031F6DB /* NetworkRequester.swift */,
				63356C3624676F1D0031F6DB /* MOTDataModel.swift */,
				B97729CE258A496600DE1AB9 /* NetworkManager.swift */,
			);
			path = Network;
			sourceTree = "<group>";
		};
		63356C052465ABD50031F6DB /* Extensions */ = {
			isa = PBXGroup;
			children = (
				63356C0E2465B0660031F6DB /* Date + Time.swift */,
				63356C282465C24A0031F6DB /* ViewController + Instantiate.swift */,
				634604FD246E01560091C4A7 /* ViewController + Keyboard.swift */,
				634605122470C2BC0091C4A7 /* ViewController + Alert.swift */,
				634604FF246E1D7D0091C4A7 /* UIVIew + Background.swift */,
				63460509246F6E7D0091C4A7 /* UIButton + Spinner.swift */,
				B97EF2E725DDC32100C0CB4F /* Int + Enum.swift */,
				B92A1DA125E2D041000D2E92 /* ClassName.swift */,
			);
			path = Extensions;
			sourceTree = "<group>";
		};
		63356C062465AC010031F6DB /* Controllers */ = {
			isa = PBXGroup;
			children = (
				B9DA4A42259A305500C9F50D /* Cells */,
				63356C0C2465ACBA0031F6DB /* Main Views */,
			);
			path = Controllers;
			sourceTree = "<group>";
		};
		63356C082465AC110031F6DB /* Models */ = {
			isa = PBXGroup;
			children = (
				63356C1E2465C05E0031F6DB /* VehicleDataModel.swift */,
			);
			path = Models;
			sourceTree = "<group>";
		};
		63356C0A2465AC440031F6DB /* Design */ = {
			isa = PBXGroup;
			children = (
				B94FAC8B25D03A2B006549AF /* Fonts */,
				63356C242465C1FE0031F6DB /* Utilities.swift */,
				63356C2A2465D15A0031F6DB /* SlideTransition.swift */,
			);
			path = Design;
			sourceTree = "<group>";
		};
		63356C0B2465AC8A0031F6DB /* Form */ = {
			isa = PBXGroup;
			children = (
				63356C2C2465D1AA0031F6DB /* Validation.swift */,
			);
			path = Form;
			sourceTree = "<group>";
		};
		63356C0C2465ACBA0031F6DB /* Main Views */ = {
			isa = PBXGroup;
			children = (
				63356C162465BFE90031F6DB /* HomeViewController.swift */,
				63356C32246640680031F6DB /* VerifyVehicleViewController.swift */,
				63356C182465BFF40031F6DB /* ResultsViewController.swift */,
			);
			path = "Main Views";
			sourceTree = "<group>";
		};
		63356C2F2465D2D20031F6DB /* Structs */ = {
			isa = PBXGroup;
			children = (
				63356C262465C21F0031F6DB /* Constants.swift */,
			);
			path = Structs;
			sourceTree = "<group>";
		};
		6346050B247087120091C4A7 /* Database */ = {
			isa = PBXGroup;
			children = (
				6346050C2470872E0091C4A7 /* DatabaseErrors.swift */,
				6346050E2470B06A0091C4A7 /* UserData.swift */,
				634605102470B7E90091C4A7 /* Name.swift */,
			);
			path = Database;
			sourceTree = "<group>";
		};
		B6E2F62B32AD4DBD5F0FF172 /* Frameworks */ = {
			isa = PBXGroup;
			children = (
				7F6D585119D6A0E011975E87 /* libPods-LemonCheck.a */,
			);
			name = Frameworks;
			sourceTree = "<group>";
		};
		B94FAC8B25D03A2B006549AF /* Fonts */ = {
			isa = PBXGroup;
			children = (
				B94FAC8C25D03A3C006549AF /* UKNumberPlate.ttf */,
			);
			path = Fonts;
			sourceTree = "<group>";
		};
		B9DA4A42259A305500C9F50D /* Cells */ = {
			isa = PBXGroup;
			children = (
				B9F5CF2725CB617000F9754A /* ResultsTableViewCell.swift */,
				B9F5CF2825CB617000F9754A /* ResultsTableViewCell.xib */,
				B94FAC9325D16985006549AF /* PaymentPanelView.swift */,
				B94FAC8F25D04083006549AF /* PaymentPanelView.xib */,
				B94FAC9A25D1AD6D006549AF /* VerifyPanelView.swift */,
				B94FACA025D1AD94006549AF /* VerifyPanelView.xib */,
				B92A1D5C25E1A77C000D2E92 /* CarDetailsView.swift */,
				B92A1D5925E1A76D000D2E92 /* CarDetailsView.xib */,
				B92A1D6225E1B413000D2E92 /* NumberPlateView.swift */,
				B92A1D5F25E1AF9E000D2E92 /* NumberPlateView.xib */,
			);
			path = Cells;
			sourceTree = "<group>";
		};
/* End PBXGroup section */

/* Begin PBXNativeTarget section */
		63356BEA2465AB4C0031F6DB /* LemonCheck */ = {
			isa = PBXNativeTarget;
			buildConfigurationList = 63356BFF2465AB500031F6DB /* Build configuration list for PBXNativeTarget "LemonCheck" */;
			buildPhases = (
				E7DC45CD5EC779BFE8C8A5B8 /* [CP] Check Pods Manifest.lock */,
				63356BE72465AB4C0031F6DB /* Sources */,
				63356BE82465AB4C0031F6DB /* Frameworks */,
				63356BE92465AB4C0031F6DB /* Resources */,
				392E7B034A8D27E060069F1A /* [CP] Copy Pods Resources */,
			);
			buildRules = (
			);
			dependencies = (
			);
			name = LemonCheck;
			productName = LemonCheck;
			productReference = 63356BEB2465AB4C0031F6DB /* LemonCheck.app */;
			productType = "com.apple.product-type.application";
		};
/* End PBXNativeTarget section */

/* Begin PBXProject section */
		63356BE32465AB4C0031F6DB /* Project object */ = {
			isa = PBXProject;
			attributes = {
				LastSwiftUpdateCheck = 1140;
				LastUpgradeCheck = 1140;
				ORGANIZATIONNAME = "Varley Parker";
				TargetAttributes = {
					63356BEA2465AB4C0031F6DB = {
						CreatedOnToolsVersion = 11.4.1;
					};
				};
			};
			buildConfigurationList = 63356BE62465AB4C0031F6DB /* Build configuration list for PBXProject "LemonCheck" */;
			compatibilityVersion = "Xcode 9.3";
			developmentRegion = en;
			hasScannedForEncodings = 0;
			knownRegions = (
				en,
				Base,
			);
			mainGroup = 63356BE22465AB4C0031F6DB;
			productRefGroup = 63356BEC2465AB4C0031F6DB /* Products */;
			projectDirPath = "";
			projectRoot = "";
			targets = (
				63356BEA2465AB4C0031F6DB /* LemonCheck */,
			);
		};
/* End PBXProject section */

/* Begin PBXResourcesBuildPhase section */
		63356BE92465AB4C0031F6DB /* Resources */ = {
			isa = PBXResourcesBuildPhase;
			buildActionMask = 2147483647;
			files = (
				B94FAC9025D04083006549AF /* PaymentPanelView.xib in Resources */,
				63356BFB2465AB500031F6DB /* LaunchScreen.storyboard in Resources */,
				B92A1D6025E1AF9E000D2E92 /* NumberPlateView.xib in Resources */,
				B9F5CF2A25CB617000F9754A /* ResultsTableViewCell.xib in Resources */,
				63356C312465FF630031F6DB /* GoogleService-Info.plist in Resources */,
				B94FACA125D1AD94006549AF /* VerifyPanelView.xib in Resources */,
				B92A1D5A25E1A76D000D2E92 /* CarDetailsView.xib in Resources */,
				63356BF82465AB500031F6DB /* Assets.xcassets in Resources */,
				B94FAC8D25D03A3C006549AF /* UKNumberPlate.ttf in Resources */,
				B97729CC258A490100DE1AB9 /* Main.storyboard in Resources */,
			);
			runOnlyForDeploymentPostprocessing = 0;
		};
/* End PBXResourcesBuildPhase section */

/* Begin PBXShellScriptBuildPhase section */
		392E7B034A8D27E060069F1A /* [CP] Copy Pods Resources */ = {
			isa = PBXShellScriptBuildPhase;
			buildActionMask = 2147483647;
			files = (
			);
			inputFileListPaths = (
				"${PODS_ROOT}/Target Support Files/Pods-LemonCheck/Pods-LemonCheck-resources-${CONFIGURATION}-input-files.xcfilelist",
			);
			name = "[CP] Copy Pods Resources";
			outputFileListPaths = (
				"${PODS_ROOT}/Target Support Files/Pods-LemonCheck/Pods-LemonCheck-resources-${CONFIGURATION}-output-files.xcfilelist",
			);
			runOnlyForDeploymentPostprocessing = 0;
			shellPath = /bin/sh;
			shellScript = "\"${PODS_ROOT}/Target Support Files/Pods-LemonCheck/Pods-LemonCheck-resources.sh\"\n";
			showEnvVarsInLog = 0;
		};
		E7DC45CD5EC779BFE8C8A5B8 /* [CP] Check Pods Manifest.lock */ = {
			isa = PBXShellScriptBuildPhase;
			buildActionMask = 2147483647;
			files = (
			);
			inputFileListPaths = (
			);
			inputPaths = (
				"${PODS_PODFILE_DIR_PATH}/Podfile.lock",
				"${PODS_ROOT}/Manifest.lock",
			);
			name = "[CP] Check Pods Manifest.lock";
			outputFileListPaths = (
			);
			outputPaths = (
				"$(DERIVED_FILE_DIR)/Pods-LemonCheck-checkManifestLockResult.txt",
			);
			runOnlyForDeploymentPostprocessing = 0;
			shellPath = /bin/sh;
			shellScript = "diff \"${PODS_PODFILE_DIR_PATH}/Podfile.lock\" \"${PODS_ROOT}/Manifest.lock\" > /dev/null\nif [ $? != 0 ] ; then\n    # print error to STDERR\n    echo \"error: The sandbox is not in sync with the Podfile.lock. Run 'pod install' or update your CocoaPods installation.\" >&2\n    exit 1\nfi\n# This output is used by Xcode 'outputs' to avoid re-running this script phase.\necho \"SUCCESS\" > \"${SCRIPT_OUTPUT_FILE_0}\"\n";
			showEnvVarsInLog = 0;
		};
/* End PBXShellScriptBuildPhase section */

/* Begin PBXSourcesBuildPhase section */
		63356BE72465AB4C0031F6DB /* Sources */ = {
			isa = PBXSourcesBuildPhase;
			buildActionMask = 2147483647;
			files = (
				63356C252465C1FE0031F6DB /* Utilities.swift in Sources */,
				63356C3724676F1E0031F6DB /* MOTDataModel.swift in Sources */,
				63356C1D2465C03A0031F6DB /* NetworkRequester.swift in Sources */,
				6346050F2470B06A0091C4A7 /* UserData.swift in Sources */,
				B92A1D6325E1B413000D2E92 /* NumberPlateView.swift in Sources */,
				634605132470C2BC0091C4A7 /* ViewController + Alert.swift in Sources */,
				B92A1D5D25E1A77C000D2E92 /* CarDetailsView.swift in Sources */,
				63356C172465BFE90031F6DB /* HomeViewController.swift in Sources */,
				63356C272465C21F0031F6DB /* Constants.swift in Sources */,
				63356C0F2465B0660031F6DB /* Date + Time.swift in Sources */,
				63460500246E1D7D0091C4A7 /* UIVIew + Background.swift in Sources */,
				B9F5CF2925CB617000F9754A /* ResultsTableViewCell.swift in Sources */,
				B97729CF258A496600DE1AB9 /* NetworkManager.swift in Sources */,
				B94FAC9B25D1AD6D006549AF /* VerifyPanelView.swift in Sources */,
				63356C38246772BE0031F6DB /* VehicleDataModel.swift in Sources */,
				B97EF2E825DDC32100C0CB4F /* Int + Enum.swift in Sources */,
				6346050A246F6E7D0091C4A7 /* UIButton + Spinner.swift in Sources */,
				63356C2B2465D15A0031F6DB /* SlideTransition.swift in Sources */,
				634604FE246E01560091C4A7 /* ViewController + Keyboard.swift in Sources */,
				63356C192465BFF40031F6DB /* ResultsViewController.swift in Sources */,
				6346050D2470872E0091C4A7 /* DatabaseErrors.swift in Sources */,
				63356C2D2465D1AA0031F6DB /* Validation.swift in Sources */,
				63356BEF2465AB4C0031F6DB /* AppDelegate.swift in Sources */,
				63356C292465C24A0031F6DB /* ViewController + Instantiate.swift in Sources */,
				634605112470B7E90091C4A7 /* Name.swift in Sources */,
				63356C33246640680031F6DB /* VerifyVehicleViewController.swift in Sources */,
				B94FAC9425D16985006549AF /* PaymentPanelView.swift in Sources */,
				63356BF12465AB4C0031F6DB /* SceneDelegate.swift in Sources */,
				B92A1DA225E2D041000D2E92 /* ClassName.swift in Sources */,
			);
			runOnlyForDeploymentPostprocessing = 0;
		};
/* End PBXSourcesBuildPhase section */

/* Begin PBXVariantGroup section */
		63356BF92465AB500031F6DB /* LaunchScreen.storyboard */ = {
			isa = PBXVariantGroup;
			children = (
				63356BFA2465AB500031F6DB /* Base */,
			);
			name = LaunchScreen.storyboard;
			sourceTree = "<group>";
		};
/* End PBXVariantGroup section */

/* Begin XCBuildConfiguration section */
		63356BFD2465AB500031F6DB /* Debug */ = {
			isa = XCBuildConfiguration;
			buildSettings = {
				ALWAYS_SEARCH_USER_PATHS = NO;
				CLANG_ANALYZER_NONNULL = YES;
				CLANG_ANALYZER_NUMBER_OBJECT_CONVERSION = YES_AGGRESSIVE;
				CLANG_CXX_LANGUAGE_STANDARD = "gnu++14";
				CLANG_CXX_LIBRARY = "libc++";
				CLANG_ENABLE_MODULES = YES;
				CLANG_ENABLE_OBJC_ARC = YES;
				CLANG_ENABLE_OBJC_WEAK = YES;
				CLANG_WARN_BLOCK_CAPTURE_AUTORELEASING = YES;
				CLANG_WARN_BOOL_CONVERSION = YES;
				CLANG_WARN_COMMA = YES;
				CLANG_WARN_CONSTANT_CONVERSION = YES;
				CLANG_WARN_DEPRECATED_OBJC_IMPLEMENTATIONS = YES;
				CLANG_WARN_DIRECT_OBJC_ISA_USAGE = YES_ERROR;
				CLANG_WARN_DOCUMENTATION_COMMENTS = YES;
				CLANG_WARN_EMPTY_BODY = YES;
				CLANG_WARN_ENUM_CONVERSION = YES;
				CLANG_WARN_INFINITE_RECURSION = YES;
				CLANG_WARN_INT_CONVERSION = YES;
				CLANG_WARN_NON_LITERAL_NULL_CONVERSION = YES;
				CLANG_WARN_OBJC_IMPLICIT_RETAIN_SELF = YES;
				CLANG_WARN_OBJC_LITERAL_CONVERSION = YES;
				CLANG_WARN_OBJC_ROOT_CLASS = YES_ERROR;
				CLANG_WARN_RANGE_LOOP_ANALYSIS = YES;
				CLANG_WARN_STRICT_PROTOTYPES = YES;
				CLANG_WARN_SUSPICIOUS_MOVE = YES;
				CLANG_WARN_UNGUARDED_AVAILABILITY = YES_AGGRESSIVE;
				CLANG_WARN_UNREACHABLE_CODE = YES;
				CLANG_WARN__DUPLICATE_METHOD_MATCH = YES;
				COPY_PHASE_STRIP = NO;
				DEBUG_INFORMATION_FORMAT = dwarf;
				ENABLE_STRICT_OBJC_MSGSEND = YES;
				ENABLE_TESTABILITY = YES;
				GCC_C_LANGUAGE_STANDARD = gnu11;
				GCC_DYNAMIC_NO_PIC = NO;
				GCC_NO_COMMON_BLOCKS = YES;
				GCC_OPTIMIZATION_LEVEL = 0;
				GCC_PREPROCESSOR_DEFINITIONS = (
					"DEBUG=1",
					"$(inherited)",
				);
				GCC_WARN_64_TO_32_BIT_CONVERSION = YES;
				GCC_WARN_ABOUT_RETURN_TYPE = YES_ERROR;
				GCC_WARN_UNDECLARED_SELECTOR = YES;
				GCC_WARN_UNINITIALIZED_AUTOS = YES_AGGRESSIVE;
				GCC_WARN_UNUSED_FUNCTION = YES;
				GCC_WARN_UNUSED_VARIABLE = YES;
				IPHONEOS_DEPLOYMENT_TARGET = 13.0;
				MTL_ENABLE_DEBUG_INFO = INCLUDE_SOURCE;
				MTL_FAST_MATH = YES;
				ONLY_ACTIVE_ARCH = YES;
				SDKROOT = iphoneos;
				SWIFT_ACTIVE_COMPILATION_CONDITIONS = DEBUG;
				SWIFT_OPTIMIZATION_LEVEL = "-Onone";
			};
			name = Debug;
		};
		63356BFE2465AB500031F6DB /* Release */ = {
			isa = XCBuildConfiguration;
			buildSettings = {
				ALWAYS_SEARCH_USER_PATHS = NO;
				CLANG_ANALYZER_NONNULL = YES;
				CLANG_ANALYZER_NUMBER_OBJECT_CONVERSION = YES_AGGRESSIVE;
				CLANG_CXX_LANGUAGE_STANDARD = "gnu++14";
				CLANG_CXX_LIBRARY = "libc++";
				CLANG_ENABLE_MODULES = YES;
				CLANG_ENABLE_OBJC_ARC = YES;
				CLANG_ENABLE_OBJC_WEAK = YES;
				CLANG_WARN_BLOCK_CAPTURE_AUTORELEASING = YES;
				CLANG_WARN_BOOL_CONVERSION = YES;
				CLANG_WARN_COMMA = YES;
				CLANG_WARN_CONSTANT_CONVERSION = YES;
				CLANG_WARN_DEPRECATED_OBJC_IMPLEMENTATIONS = YES;
				CLANG_WARN_DIRECT_OBJC_ISA_USAGE = YES_ERROR;
				CLANG_WARN_DOCUMENTATION_COMMENTS = YES;
				CLANG_WARN_EMPTY_BODY = YES;
				CLANG_WARN_ENUM_CONVERSION = YES;
				CLANG_WARN_INFINITE_RECURSION = YES;
				CLANG_WARN_INT_CONVERSION = YES;
				CLANG_WARN_NON_LITERAL_NULL_CONVERSION = YES;
				CLANG_WARN_OBJC_IMPLICIT_RETAIN_SELF = YES;
				CLANG_WARN_OBJC_LITERAL_CONVERSION = YES;
				CLANG_WARN_OBJC_ROOT_CLASS = YES_ERROR;
				CLANG_WARN_RANGE_LOOP_ANALYSIS = YES;
				CLANG_WARN_STRICT_PROTOTYPES = YES;
				CLANG_WARN_SUSPICIOUS_MOVE = YES;
				CLANG_WARN_UNGUARDED_AVAILABILITY = YES_AGGRESSIVE;
				CLANG_WARN_UNREACHABLE_CODE = YES;
				CLANG_WARN__DUPLICATE_METHOD_MATCH = YES;
				COPY_PHASE_STRIP = NO;
				DEBUG_INFORMATION_FORMAT = "dwarf-with-dsym";
				ENABLE_NS_ASSERTIONS = NO;
				ENABLE_STRICT_OBJC_MSGSEND = YES;
				GCC_C_LANGUAGE_STANDARD = gnu11;
				GCC_NO_COMMON_BLOCKS = YES;
				GCC_WARN_64_TO_32_BIT_CONVERSION = YES;
				GCC_WARN_ABOUT_RETURN_TYPE = YES_ERROR;
				GCC_WARN_UNDECLARED_SELECTOR = YES;
				GCC_WARN_UNINITIALIZED_AUTOS = YES_AGGRESSIVE;
				GCC_WARN_UNUSED_FUNCTION = YES;
				GCC_WARN_UNUSED_VARIABLE = YES;
				IPHONEOS_DEPLOYMENT_TARGET = 13.0;
				MTL_ENABLE_DEBUG_INFO = NO;
				MTL_FAST_MATH = YES;
				SDKROOT = iphoneos;
				SWIFT_COMPILATION_MODE = wholemodule;
				SWIFT_OPTIMIZATION_LEVEL = "-O";
				VALIDATE_PRODUCT = YES;
			};
			name = Release;
		};
		63356C002465AB500031F6DB /* Debug */ = {
			isa = XCBuildConfiguration;
			baseConfigurationReference = 91F4E64314314AC56906BB60 /* Pods-LemonCheck.debug.xcconfig */;
			buildSettings = {
				ASSETCATALOG_COMPILER_APPICON_NAME = AppIcon;
				CODE_SIGN_STYLE = Automatic;
				DEVELOPMENT_TEAM = FZQXZ63VCV;
				INFOPLIST_FILE = LemonCheck/Info.plist;
				LD_RUNPATH_SEARCH_PATHS = (
					"$(inherited)",
					"@executable_path/Frameworks",
				);
				PRODUCT_BUNDLE_IDENTIFIER = varleyParker.LemonCheck;
				PRODUCT_NAME = "$(TARGET_NAME)";
				SWIFT_VERSION = 5.0;
				TARGETED_DEVICE_FAMILY = "1,2";
			};
			name = Debug;
		};
		63356C012465AB500031F6DB /* Release */ = {
			isa = XCBuildConfiguration;
			baseConfigurationReference = 2B21DE5F9EDA16554D6A163E /* Pods-LemonCheck.release.xcconfig */;
			buildSettings = {
				ASSETCATALOG_COMPILER_APPICON_NAME = AppIcon;
				CODE_SIGN_STYLE = Automatic;
				DEVELOPMENT_TEAM = FZQXZ63VCV;
				INFOPLIST_FILE = LemonCheck/Info.plist;
				LD_RUNPATH_SEARCH_PATHS = (
					"$(inherited)",
					"@executable_path/Frameworks",
				);
				PRODUCT_BUNDLE_IDENTIFIER = varleyParker.LemonCheck;
				PRODUCT_NAME = "$(TARGET_NAME)";
				SWIFT_VERSION = 5.0;
				TARGETED_DEVICE_FAMILY = "1,2";
			};
			name = Release;
		};
/* End XCBuildConfiguration section */

/* Begin XCConfigurationList section */
		63356BE62465AB4C0031F6DB /* Build configuration list for PBXProject "LemonCheck" */ = {
			isa = XCConfigurationList;
			buildConfigurations = (
				63356BFD2465AB500031F6DB /* Debug */,
				63356BFE2465AB500031F6DB /* Release */,
			);
			defaultConfigurationIsVisible = 0;
			defaultConfigurationName = Release;
		};
		63356BFF2465AB500031F6DB /* Build configuration list for PBXNativeTarget "LemonCheck" */ = {
			isa = XCConfigurationList;
			buildConfigurations = (
				63356C002465AB500031F6DB /* Debug */,
				63356C012465AB500031F6DB /* Release */,
			);
			defaultConfigurationIsVisible = 0;
			defaultConfigurationName = Release;
		};
/* End XCConfigurationList section */
	};
	rootObject = 63356BE32465AB4C0031F6DB /* Project object */;
}
